
Microsoft Visual Studio Solution File, Format Version 12.00
# Visual Studio Version 17
VisualStudioVersion = 17.3.32901.215
MinimumVisualStudioVersion = 10.0.40219.1
Project("{9A19103F-16F7-4668-BE54-9A1E7A4F7556}") = "PetsOn", "PetsOn\PetsOn.csproj", "{1FC5C255-B1E8-4098-85B8-A00CAFED0E53}"
	ProjectSection(ProjectDependencies) = postProject
		{689B876B-2B08-41E6-A747-914D65FBA56E} = {689B876B-2B08-41E6-A747-914D65FBA56E}
	EndProjectSection
EndProject
Project("{9A19103F-16F7-4668-BE54-9A1E7A4F7556}") = "PetsOn.Domain", "PetsOn.Domain\PetsOn.Domain.csproj", "{F1475EF6-FD18-4A2E-A176-60D89AEC392E}"
EndProject
Project("{FAE04EC0-301F-11D3-BF4B-00C04F79EFBC}") = "PetsOn.Repository", "PetsOn.Repository\PetsOn.Repository.csproj", "{689B876B-2B08-41E6-A747-914D65FBA56E}"
EndProject
Global
	GlobalSection(SolutionConfigurationPlatforms) = preSolution
		Debug|Any CPU = Debug|Any CPU
		Release|Any CPU = Release|Any CPU
	EndGlobalSection
	GlobalSection(ProjectConfigurationPlatforms) = postSolution
		{1FC5C255-B1E8-4098-85B8-A00CAFED0E53}.Debug|Any CPU.ActiveCfg = Debug|Any CPU
		{1FC5C255-B1E8-4098-85B8-A00CAFED0E53}.Debug|Any CPU.Build.0 = Debug|Any CPU
		{1FC5C255-B1E8-4098-85B8-A00CAFED0E53}.Release|Any CPU.ActiveCfg = Release|Any CPU
		{1FC5C255-B1E8-4098-85B8-A00CAFED0E53}.Release|Any CPU.Build.0 = Release|Any CPU
		{F1475EF6-FD18-4A2E-A176-60D89AEC392E}.Debug|Any CPU.ActiveCfg = Debug|Any CPU
		{F1475EF6-FD18-4A2E-A176-60D89AEC392E}.Debug|Any CPU.Build.0 = Debug|Any CPU
		{F1475EF6-FD18-4A2E-A176-60D89AEC392E}.Release|Any CPU.ActiveCfg = Release|Any CPU
		{F1475EF6-FD18-4A2E-A176-60D89AEC392E}.Release|Any CPU.Build.0 = Release|Any CPU
		{689B876B-2B08-41E6-A747-914D65FBA56E}.Debug|Any CPU.ActiveCfg = Debug|Any CPU
		{689B876B-2B08-41E6-A747-914D65FBA56E}.Debug|Any CPU.Build.0 = Debug|Any CPU
		{689B876B-2B08-41E6-A747-914D65FBA56E}.Release|Any CPU.ActiveCfg = Release|Any CPU
		{689B876B-2B08-41E6-A747-914D65FBA56E}.Release|Any CPU.Build.0 = Release|Any CPU
	EndGlobalSection
	GlobalSection(SolutionProperties) = preSolution
		HideSolutionNode = FALSE
	EndGlobalSection
	GlobalSection(ExtensibilityGlobals) = postSolution
		SolutionGuid = {6651D825-6545-4192-BE35-44A71B1DB8B4}
	EndGlobalSection
EndGlobal
